github.com/samber/lo v1.47.0 h1:z7RynLwP5nbyRscyvcD043DWYoOcYRv3mV8lBeqOCLc=
github.com/samber/lo v1.47.0/go.mod h1:RmDH9Ct32Qy3gduHQuKJ3gW1fMHAnE/fAzQuf6He5cU=
github.com/zyedidia/generic v1.2.1 h1:Zv5KS/N2m0XZZiuLS82qheRG4X1o5gsWreGb0hR7XDc=
github.com/zyedidia/generic v1.2.1/go.mod h1:ly2RBz4mnz1yeuVbQA/VFwGjK3mnHGRj1JuoG336Bis=
golang.org/x/exp v0.0.0-20220218215828-6cf2b201936e h1:iWVPgObh6F4UDtjBLK51zsy5UHTPLQwCmsNjCsbKhQ0=
golang.org/x/exp v0.0.0-20220218215828-6cf2b201936e/go.mod h1:lgLbSvA5ygNOMpwM/9anMpWVlVJ7Z+cHWq/eFuinpGE=
golang.org/x/text v0.16.0 h1:a94ExnEXNtEwYLGJSIUxnWoxoRz/ZcCsV63ROupILh4=
golang.org/x/text v0.16.0/go.mod h1:GhwF1Be+LQoKShO3cGOHzqOgRrGaYc9AvblQOmPVHnI=
